{
    "name": "add-severity",
    "version": "1.0.0",
    "lockfileVersion": 2,
    "requires": true,
    "packages": {
        "": {
            "version": "1.0.0",
            "dependencies": {
                "ip-cidr": "^2.1.4",
                "js-yaml": "^4.0.0",
                "jsonpath": "^1.1.1"
            }
        },
        "node_modules/argparse": {
            "version": "2.0.1",
            "resolved": "https://registry.npmjs.org/argparse/-/argparse-2.0.1.tgz",
            "integrity": "sha512-8+9WqebbFzpX9OR+Wa6O29asIogeRMzcGtAINdpMHHyAg10f05aSFVBbcEqGf/PXw1EjAZ+q2/bEBg3DvurK3Q=="
        },
        "node_modules/deep-is": {
            "version": "0.1.3",
            "resolved": "https://registry.npmjs.org/deep-is/-/deep-is-0.1.3.tgz",
            "integrity": "sha1-s2nW+128E+7PUk+RsHD+7cNXzzQ="
        },
        "node_modules/escodegen": {
            "version": "1.14.3",
            "resolved": "https://registry.npmjs.org/escodegen/-/escodegen-1.14.3.tgz",
            "integrity": "sha512-qFcX0XJkdg+PB3xjZZG/wKSuT1PnQWx57+TVSjIMmILd2yC/6ByYElPwJnslDsuWuSAp4AwJGumarAAmJch5Kw==",
            "dependencies": {
                "esprima": "^4.0.1",
                "estraverse": "^4.2.0",
                "esutils": "^2.0.2",
                "optionator": "^0.8.1"
            },
            "bin": {
                "escodegen": "bin/escodegen.js",
                "esgenerate": "bin/esgenerate.js"
            },
            "engines": {
                "node": ">=4.0"
            },
            "optionalDependencies": {
                "source-map": "~0.6.1"
            }
        },
        "node_modules/escodegen/node_modules/esprima": {
            "version": "4.0.1",
            "resolved": "https://registry.npmjs.org/esprima/-/esprima-4.0.1.tgz",
            "integrity": "sha512-eGuFFw7Upda+g4p+QHvnW0RyTX/SVeJBDM/gCtMARO0cLuT2HcEKnTPvhjV6aGeqrCB/sbNop0Kszm0jsaWU4A==",
            "bin": {
                "esparse": "bin/esparse.js",
                "esvalidate": "bin/esvalidate.js"
            },
            "engines": {
                "node": ">=4"
            }
        },
        "node_modules/esprima": {
            "version": "1.2.2",
            "resolved": "https://registry.npmjs.org/esprima/-/esprima-1.2.2.tgz",
            "integrity": "sha1-dqD9Zvz+FU/SkmZ9wmQBl1CxZXs=",
            "bin": {
                "esparse": "bin/esparse.js",
                "esvalidate": "bin/esvalidate.js"
            },
            "engines": {
                "node": ">=0.4.0"
            }
        },
        "node_modules/estraverse": {
            "version": "4.3.0",
            "resolved": "https://registry.npmjs.org/estraverse/-/estraverse-4.3.0.tgz",
            "integrity": "sha512-39nnKffWz8xN1BU/2c79n9nB9HDzo0niYUqx6xyqUnyoAnQyyWpOTdZEeiCch8BBu515t4wp9ZmgVfVhn9EBpw==",
            "engines": {
                "node": ">=4.0"
            }
        },
        "node_modules/esutils": {
            "version": "2.0.3",
            "resolved": "https://registry.npmjs.org/esutils/-/esutils-2.0.3.tgz",
            "integrity": "sha512-kVscqXk4OCp68SZ0dkgEKVi6/8ij300KBWTJq32P/dYeWTSwK41WyTxalN1eRmA5Z9UU/LX9D7FWSmV9SAYx6g==",
            "engines": {
                "node": ">=0.10.0"
            }
        },
        "node_modules/fast-levenshtein": {
            "version": "2.0.6",
            "resolved": "https://registry.npmjs.org/fast-levenshtein/-/fast-levenshtein-2.0.6.tgz",
            "integrity": "sha1-PYpcZog6FqMMqGQ+hR8Zuqd5eRc="
        },
        "node_modules/ip-address": {
            "version": "6.4.0",
            "resolved": "https://registry.npmjs.org/ip-address/-/ip-address-6.4.0.tgz",
            "integrity": "sha512-c5uxc2WUTuRBVHT/6r4m7HIr/DfV0bF6DvLH3iZGSK8wp8iMwwZSgIq2do0asFf8q9ECug0SE+6+1ACMe4sorA==",
            "dependencies": {
                "jsbn": "1.1.0",
                "lodash.find": "4.6.0",
                "lodash.max": "4.0.1",
                "lodash.merge": "4.6.2",
                "lodash.padstart": "4.6.1",
                "lodash.repeat": "4.1.0",
                "sprintf-js": "1.1.2"
            },
            "engines": {
                "node": ">= 0.10"
            }
        },
        "node_modules/ip-cidr": {
            "version": "2.1.4",
            "resolved": "https://registry.npmjs.org/ip-cidr/-/ip-cidr-2.1.4.tgz",
            "integrity": "sha512-dre+OGDYAYHMCm6nNoqXHwGByqMDHArVpxslJVtSxk47spvyjoiKNe7X+HV+AtBN+LxboCVuY0ARXpzibizNMg==",
            "dependencies": {
                "ip-address": "^6.3.0",
                "jsbn": "^1.1.0"
            },
            "engines": {
                "node": ">=5.0.0"
            }
        },
        "node_modules/js-yaml": {
            "version": "4.0.0",
            "resolved": "https://registry.npmjs.org/js-yaml/-/js-yaml-4.0.0.tgz",
            "integrity": "sha512-pqon0s+4ScYUvX30wxQi3PogGFAlUyH0awepWvwkj4jD4v+ova3RiYw8bmA6x2rDrEaj8i/oWKoRxpVNW+Re8Q==",
            "dependencies": {
                "argparse": "^2.0.1"
            },
            "bin": {
                "js-yaml": "bin/js-yaml.js"
            }
        },
        "node_modules/jsbn": {
            "version": "1.1.0",
            "resolved": "https://registry.npmjs.org/jsbn/-/jsbn-1.1.0.tgz",
            "integrity": "sha1-sBMHyym2GKHtJux56RH4A8TaAEA="
        },
        "node_modules/jsonpath": {
            "version": "1.1.1",
            "resolved": "https://registry.npmjs.org/jsonpath/-/jsonpath-1.1.1.tgz",
            "integrity": "sha512-l6Cg7jRpixfbgoWgkrl77dgEj8RPvND0wMH6TwQmi9Qs4TFfS9u5cUFnbeKTwj5ga5Y3BTGGNI28k117LJ009w==",
            "dependencies": {
                "esprima": "1.2.2",
                "static-eval": "2.0.2",
                "underscore": "1.12.1"
            }
        },
        "node_modules/levn": {
            "version": "0.3.0",
            "resolved": "https://registry.npmjs.org/levn/-/levn-0.3.0.tgz",
            "integrity": "sha1-OwmSTt+fCDwEkP3UwLxEIeBHZO4=",
            "dependencies": {
                "prelude-ls": "~1.1.2",
                "type-check": "~0.3.2"
            },
            "engines": {
                "node": ">= 0.8.0"
            }
        },
        "node_modules/lodash.find": {
            "version": "4.6.0",
            "resolved": "https://registry.npmjs.org/lodash.find/-/lodash.find-4.6.0.tgz",
            "integrity": "sha1-ywcE1Hq3F4n/oN6Ll92Sb7iLE7E="
        },
        "node_modules/lodash.max": {
            "version": "4.0.1",
            "resolved": "https://registry.npmjs.org/lodash.max/-/lodash.max-4.0.1.tgz",
            "integrity": "sha1-hzVWbGGLNan3YFILSHrnllivE2o="
        },
        "node_modules/lodash.merge": {
            "version": "4.6.2",
            "resolved": "https://registry.npmjs.org/lodash.merge/-/lodash.merge-4.6.2.tgz",
            "integrity": "sha512-0KpjqXRVvrYyCsX1swR/XTK0va6VQkQM6MNo7PqW77ByjAhoARA8EfrP1N4+KlKj8YS0ZUCtRT/YUuhyYDujIQ=="
        },
        "node_modules/lodash.padstart": {
            "version": "4.6.1",
            "resolved": "https://registry.npmjs.org/lodash.padstart/-/lodash.padstart-4.6.1.tgz",
            "integrity": "sha1-0uPuv/DZ05rVD1y9G1KnvOa7YRs="
        },
        "node_modules/lodash.repeat": {
            "version": "4.1.0",
            "resolved": "https://registry.npmjs.org/lodash.repeat/-/lodash.repeat-4.1.0.tgz",
            "integrity": "sha1-/H3oEx2MisB+S0n3T/6CnR8r7EQ="
        },
        "node_modules/optionator": {
            "version": "0.8.3",
            "resolved": "https://registry.npmjs.org/optionator/-/optionator-0.8.3.tgz",
            "integrity": "sha512-+IW9pACdk3XWmmTXG8m3upGUJst5XRGzxMRjXzAuJ1XnIFNvfhjjIuYkDvysnPQ7qzqVzLt78BCruntqRhWQbA==",
            "dependencies": {
                "deep-is": "~0.1.3",
                "fast-levenshtein": "~2.0.6",
                "levn": "~0.3.0",
                "prelude-ls": "~1.1.2",
                "type-check": "~0.3.2",
                "word-wrap": "~1.2.3"
            },
            "engines": {
                "node": ">= 0.8.0"
            }
        },
        "node_modules/prelude-ls": {
            "version": "1.1.2",
            "resolved": "https://registry.npmjs.org/prelude-ls/-/prelude-ls-1.1.2.tgz",
            "integrity": "sha1-IZMqVJ9eUv/ZqCf1cOBL5iqX2lQ=",
            "engines": {
                "node": ">= 0.8.0"
            }
        },
        "node_modules/source-map": {
            "version": "0.6.1",
            "resolved": "https://registry.npmjs.org/source-map/-/source-map-0.6.1.tgz",
            "integrity": "sha512-UjgapumWlbMhkBgzT7Ykc5YXUT46F0iKu8SGXq0bcwP5dz/h0Plj6enJqjz1Zbq2l5WaqYnrVbwWOWMyF3F47g==",
            "optional": true,
            "engines": {
                "node": ">=0.10.0"
            }
        },
        "node_modules/sprintf-js": {
            "version": "1.1.2",
            "resolved": "https://registry.npmjs.org/sprintf-js/-/sprintf-js-1.1.2.tgz",
            "integrity": "sha512-VE0SOVEHCk7Qc8ulkWw3ntAzXuqf7S2lvwQaDLRnUeIEaKNQJzV6BwmLKhOqT61aGhfUMrXeaBk+oDGCzvhcug=="
        },
        "node_modules/static-eval": {
            "version": "2.0.2",
            "resolved": "https://registry.npmjs.org/static-eval/-/static-eval-2.0.2.tgz",
            "integrity": "sha512-N/D219Hcr2bPjLxPiV+TQE++Tsmrady7TqAJugLy7Xk1EumfDWS/f5dtBbkRCGE7wKKXuYockQoj8Rm2/pVKyg==",
            "dependencies": {
                "escodegen": "^1.8.1"
            }
        },
        "node_modules/type-check": {
            "version": "0.3.2",
            "resolved": "https://registry.npmjs.org/type-check/-/type-check-0.3.2.tgz",
            "integrity": "sha1-WITKtRLPHTVeP7eE8wgEsrUg23I=",
            "dependencies": {
                "prelude-ls": "~1.1.2"
            },
            "engines": {
                "node": ">= 0.8.0"
            }
        },
        "node_modules/underscore": {
            "version": "1.12.1",
            "resolved": "https://registry.npmjs.org/underscore/-/underscore-1.12.1.tgz",
            "integrity": "sha512-hEQt0+ZLDVUMhebKxL4x1BTtDY7bavVofhZ9KZ4aI26X9SRaE+Y3m83XUL1UP2jn8ynjndwCCpEHdUG+9pP1Tw=="
        },
        "node_modules/word-wrap": {
            "version": "1.2.3",
            "resolved": "https://registry.npmjs.org/word-wrap/-/word-wrap-1.2.3.tgz",
            "integrity": "sha512-Hz/mrNwitNRh/HUAtM/VT/5VH+ygD6DV7mYKZAtHOrbs8U7lvPS6xf7EJKMF0uW1KJCl0H701g3ZGus+muE5vQ==",
            "engines": {
                "node": ">=0.10.0"
            }
        }
    },
    "dependencies": {
        "argparse": {
            "version": "2.0.1",
            "resolved": "https://registry.npmjs.org/argparse/-/argparse-2.0.1.tgz",
            "integrity": "sha512-8+9WqebbFzpX9OR+Wa6O29asIogeRMzcGtAINdpMHHyAg10f05aSFVBbcEqGf/PXw1EjAZ+q2/bEBg3DvurK3Q=="
        },
        "deep-is": {
            "version": "0.1.3",
            "resolved": "https://registry.npmjs.org/deep-is/-/deep-is-0.1.3.tgz",
            "integrity": "sha1-s2nW+128E+7PUk+RsHD+7cNXzzQ="
        },
        "escodegen": {
            "version": "1.14.3",
            "resolved": "https://registry.npmjs.org/escodegen/-/escodegen-1.14.3.tgz",
            "integrity": "sha512-qFcX0XJkdg+PB3xjZZG/wKSuT1PnQWx57+TVSjIMmILd2yC/6ByYElPwJnslDsuWuSAp4AwJGumarAAmJch5Kw==",
            "requires": {
                "esprima": "^4.0.1",
                "estraverse": "^4.2.0",
                "esutils": "^2.0.2",
                "optionator": "^0.8.1",
                "source-map": "~0.6.1"
            },
            "dependencies": {
                "esprima": {
                    "version": "4.0.1",
                    "resolved": "https://registry.npmjs.org/esprima/-/esprima-4.0.1.tgz",
                    "integrity": "sha512-eGuFFw7Upda+g4p+QHvnW0RyTX/SVeJBDM/gCtMARO0cLuT2HcEKnTPvhjV6aGeqrCB/sbNop0Kszm0jsaWU4A=="
                }
            }
        },
        "esprima": {
            "version": "1.2.2",
            "resolved": "https://registry.npmjs.org/esprima/-/esprima-1.2.2.tgz",
            "integrity": "sha1-dqD9Zvz+FU/SkmZ9wmQBl1CxZXs="
        },
        "estraverse": {
            "version": "4.3.0",
            "resolved": "https://registry.npmjs.org/estraverse/-/estraverse-4.3.0.tgz",
            "integrity": "sha512-39nnKffWz8xN1BU/2c79n9nB9HDzo0niYUqx6xyqUnyoAnQyyWpOTdZEeiCch8BBu515t4wp9ZmgVfVhn9EBpw=="
        },
        "esutils": {
            "version": "2.0.3",
            "resolved": "https://registry.npmjs.org/esutils/-/esutils-2.0.3.tgz",
            "integrity": "sha512-kVscqXk4OCp68SZ0dkgEKVi6/8ij300KBWTJq32P/dYeWTSwK41WyTxalN1eRmA5Z9UU/LX9D7FWSmV9SAYx6g=="
        },
        "fast-levenshtein": {
            "version": "2.0.6",
            "resolved": "https://registry.npmjs.org/fast-levenshtein/-/fast-levenshtein-2.0.6.tgz",
            "integrity": "sha1-PYpcZog6FqMMqGQ+hR8Zuqd5eRc="
        },
        "ip-address": {
            "version": "6.4.0",
            "resolved": "https://registry.npmjs.org/ip-address/-/ip-address-6.4.0.tgz",
            "integrity": "sha512-c5uxc2WUTuRBVHT/6r4m7HIr/DfV0bF6DvLH3iZGSK8wp8iMwwZSgIq2do0asFf8q9ECug0SE+6+1ACMe4sorA==",
            "requires": {
                "jsbn": "1.1.0",
                "lodash.find": "4.6.0",
                "lodash.max": "4.0.1",
                "lodash.merge": "4.6.2",
                "lodash.padstart": "4.6.1",
                "lodash.repeat": "4.1.0",
                "sprintf-js": "1.1.2"
            }
        },
        "ip-cidr": {
            "version": "2.1.4",
            "resolved": "https://registry.npmjs.org/ip-cidr/-/ip-cidr-2.1.4.tgz",
            "integrity": "sha512-dre+OGDYAYHMCm6nNoqXHwGByqMDHArVpxslJVtSxk47spvyjoiKNe7X+HV+AtBN+LxboCVuY0ARXpzibizNMg==",
            "requires": {
                "ip-address": "^6.3.0",
                "jsbn": "^1.1.0"
            }
        },
        "js-yaml": {
            "version": "4.0.0",
            "resolved": "https://registry.npmjs.org/js-yaml/-/js-yaml-4.0.0.tgz",
            "integrity": "sha512-pqon0s+4ScYUvX30wxQi3PogGFAlUyH0awepWvwkj4jD4v+ova3RiYw8bmA6x2rDrEaj8i/oWKoRxpVNW+Re8Q==",
            "requires": {
                "argparse": "^2.0.1"
            }
        },
        "jsbn": {
            "version": "1.1.0",
            "resolved": "https://registry.npmjs.org/jsbn/-/jsbn-1.1.0.tgz",
            "integrity": "sha1-sBMHyym2GKHtJux56RH4A8TaAEA="
        },
        "jsonpath": {
            "version": "1.1.1",
            "resolved": "https://registry.npmjs.org/jsonpath/-/jsonpath-1.1.1.tgz",
            "integrity": "sha512-l6Cg7jRpixfbgoWgkrl77dgEj8RPvND0wMH6TwQmi9Qs4TFfS9u5cUFnbeKTwj5ga5Y3BTGGNI28k117LJ009w==",
            "requires": {
                "esprima": "1.2.2",
                "static-eval": "2.0.2",
                "underscore": "1.12.1"
            }
        },
        "levn": {
            "version": "0.3.0",
            "resolved": "https://registry.npmjs.org/levn/-/levn-0.3.0.tgz",
            "integrity": "sha1-OwmSTt+fCDwEkP3UwLxEIeBHZO4=",
            "requires": {
                "prelude-ls": "~1.1.2",
                "type-check": "~0.3.2"
            }
        },
        "lodash.find": {
            "version": "4.6.0",
            "resolved": "https://registry.npmjs.org/lodash.find/-/lodash.find-4.6.0.tgz",
            "integrity": "sha1-ywcE1Hq3F4n/oN6Ll92Sb7iLE7E="
        },
        "lodash.max": {
            "version": "4.0.1",
            "resolved": "https://registry.npmjs.org/lodash.max/-/lodash.max-4.0.1.tgz",
            "integrity": "sha1-hzVWbGGLNan3YFILSHrnllivE2o="
        },
        "lodash.merge": {
            "version": "4.6.2",
            "resolved": "https://registry.npmjs.org/lodash.merge/-/lodash.merge-4.6.2.tgz",
            "integrity": "sha512-0KpjqXRVvrYyCsX1swR/XTK0va6VQkQM6MNo7PqW77ByjAhoARA8EfrP1N4+KlKj8YS0ZUCtRT/YUuhyYDujIQ=="
        },
        "lodash.padstart": {
            "version": "4.6.1",
            "resolved": "https://registry.npmjs.org/lodash.padstart/-/lodash.padstart-4.6.1.tgz",
            "integrity": "sha1-0uPuv/DZ05rVD1y9G1KnvOa7YRs="
        },
        "lodash.repeat": {
            "version": "4.1.0",
            "resolved": "https://registry.npmjs.org/lodash.repeat/-/lodash.repeat-4.1.0.tgz",
            "integrity": "sha1-/H3oEx2MisB+S0n3T/6CnR8r7EQ="
        },
        "optionator": {
            "version": "0.8.3",
            "resolved": "https://registry.npmjs.org/optionator/-/optionator-0.8.3.tgz",
            "integrity": "sha512-+IW9pACdk3XWmmTXG8m3upGUJst5XRGzxMRjXzAuJ1XnIFNvfhjjIuYkDvysnPQ7qzqVzLt78BCruntqRhWQbA==",
            "requires": {
                "deep-is": "~0.1.3",
                "fast-levenshtein": "~2.0.6",
                "levn": "~0.3.0",
                "prelude-ls": "~1.1.2",
                "type-check": "~0.3.2",
                "word-wrap": "~1.2.3"
            }
        },
        "prelude-ls": {
            "version": "1.1.2",
            "resolved": "https://registry.npmjs.org/prelude-ls/-/prelude-ls-1.1.2.tgz",
            "integrity": "sha1-IZMqVJ9eUv/ZqCf1cOBL5iqX2lQ="
        },
        "source-map": {
            "version": "0.6.1",
            "resolved": "https://registry.npmjs.org/source-map/-/source-map-0.6.1.tgz",
            "integrity": "sha512-UjgapumWlbMhkBgzT7Ykc5YXUT46F0iKu8SGXq0bcwP5dz/h0Plj6enJqjz1Zbq2l5WaqYnrVbwWOWMyF3F47g==",
            "optional": true
        },
        "sprintf-js": {
            "version": "1.1.2",
            "resolved": "https://registry.npmjs.org/sprintf-js/-/sprintf-js-1.1.2.tgz",
            "integrity": "sha512-VE0SOVEHCk7Qc8ulkWw3ntAzXuqf7S2lvwQaDLRnUeIEaKNQJzV6BwmLKhOqT61aGhfUMrXeaBk+oDGCzvhcug=="
        },
        "static-eval": {
            "version": "2.0.2",
            "resolved": "https://registry.npmjs.org/static-eval/-/static-eval-2.0.2.tgz",
            "integrity": "sha512-N/D219Hcr2bPjLxPiV+TQE++Tsmrady7TqAJugLy7Xk1EumfDWS/f5dtBbkRCGE7wKKXuYockQoj8Rm2/pVKyg==",
            "requires": {
                "escodegen": "^1.8.1"
            }
        },
        "type-check": {
            "version": "0.3.2",
            "resolved": "https://registry.npmjs.org/type-check/-/type-check-0.3.2.tgz",
            "integrity": "sha1-WITKtRLPHTVeP7eE8wgEsrUg23I=",
            "requires": {
                "prelude-ls": "~1.1.2"
            }
        },
        "underscore": {
            "version": "1.12.1",
            "resolved": "https://registry.npmjs.org/underscore/-/underscore-1.12.1.tgz",
            "integrity": "sha512-hEQt0+ZLDVUMhebKxL4x1BTtDY7bavVofhZ9KZ4aI26X9SRaE+Y3m83XUL1UP2jn8ynjndwCCpEHdUG+9pP1Tw=="
        },
        "word-wrap": {
            "version": "1.2.3",
            "resolved": "https://registry.npmjs.org/word-wrap/-/word-wrap-1.2.3.tgz",
            "integrity": "sha512-Hz/mrNwitNRh/HUAtM/VT/5VH+ygD6DV7mYKZAtHOrbs8U7lvPS6xf7EJKMF0uW1KJCl0H701g3ZGus+muE5vQ=="
        }
    }
}
